
Microsoft Visual Studio Solution File, Format Version 12.00
# Visual Studio 2012
Project("{FAE04EC0-301F-11D3-BF4B-00C04F79EFBC}") = "CSharpRefImpl.CSharpModel", "CSharpModel\CSharpRefImpl.CSharpModel.csproj", "{9E645ACD-C04A-4734-AB23-C3FCC0F7981B}"
EndProject
Project("{FAE04EC0-301F-11D3-BF4B-00C04F79EFBC}") = "CSharpRefImpl.CSharpModel.Tests", "CSharpModel.Tests\CSharpRefImpl.CSharpModel.Tests.csproj", "{761188D6-E48E-4795-BE2F-28C020E5BE8D}"
EndProject
Project("{FAE04EC0-301F-11D3-BF4B-00C04F79EFBC}") = "CSharpRefImpl.LAMModel", "LAMModel\cs\CSharpRefImpl.LAMModel.csproj", "{00000000-0000-0000-0000-000000000000}"
EndProject
Global
	GlobalSection(SolutionConfigurationPlatforms) = preSolution
		Debug|Any CPU = Debug|Any CPU
		Release|Any CPU = Release|Any CPU
	EndGlobalSection
	GlobalSection(ProjectConfigurationPlatforms) = postSolution
		{761188D6-E48E-4795-BE2F-28C020E5BE8D}.Debug|Any CPU.ActiveCfg = Debug|Any CPU
		{761188D6-E48E-4795-BE2F-28C020E5BE8D}.Debug|Any CPU.Build.0 = Debug|Any CPU
		{761188D6-E48E-4795-BE2F-28C020E5BE8D}.Release|Any CPU.ActiveCfg = Release|Any CPU
		{761188D6-E48E-4795-BE2F-28C020E5BE8D}.Release|Any CPU.Build.0 = Release|Any CPU
		{9E645ACD-C04A-4734-AB23-C3FCC0F7981B}.Debug|Any CPU.ActiveCfg = Debug|Any CPU
		{9E645ACD-C04A-4734-AB23-C3FCC0F7981B}.Debug|Any CPU.Build.0 = Debug|Any CPU
		{9E645ACD-C04A-4734-AB23-C3FCC0F7981B}.Release|Any CPU.ActiveCfg = Release|Any CPU
		{9E645ACD-C04A-4734-AB23-C3FCC0F7981B}.Release|Any CPU.Build.0 = Release|Any CPU
		{00000000-0000-0000-0000-000000000000}.Debug|Any CPU.ActiveCfg = Debug|Any CPU
		{00000000-0000-0000-0000-000000000000}.Debug|Any CPU.Build.0 = Debug|Any CPU
		{00000000-0000-0000-0000-000000000000}.Release|Any CPU.ActiveCfg = Release|Any CPU
		{00000000-0000-0000-0000-000000000000}.Release|Any CPU.Build.0 = Release|Any CPU
	EndGlobalSection
	GlobalSection(MonoDevelopProperties) = preSolution
		Policies = $0
		$0.TextStylePolicy = $1
		$1.NoTabsAfterNonTabs = True
		$1.scope = text/plain
		$1.TabsToSpaces = True
		$0.CSharpFormattingPolicy = $2
		$2.scope = text/x-csharp
		$2.IndentSwitchSection = False
		$2.NewLinesForBracesInProperties = False
		$2.NewLinesForBracesInAccessors = False
		$2.NewLinesForBracesInAnonymousMethods = False
		$2.NewLinesForBracesInControlBlocks = False
		$2.NewLinesForBracesInAnonymousTypes = False
		$2.NewLinesForBracesInObjectCollectionArrayInitializers = False
		$2.NewLinesForBracesInLambdaExpressionBody = False
		$2.NewLineForElse = False
		$2.NewLineForCatch = False
		$2.NewLineForFinally = False
		$2.NewLineForMembersInObjectInit = False
		$2.NewLineForMembersInAnonymousTypes = False
		$2.NewLineForClausesInQuery = False
		$2.SpacingAfterMethodDeclarationName = True
		$2.SpaceAfterMethodCallName = True
		$2.SpaceBeforeOpenSquareBracket = True
		StartupItem = CSharpModel\CSharpRefImpl.CSharpModel.csproj
	EndGlobalSection
EndGlobal
